
Microsoft Visual Studio Solution File, Format Version 12.00
# Visual Studio Version 16
VisualStudioVersion = 16.0.28803.202
MinimumVisualStudioVersion = 10.0.40219.1
Project("{FAE04EC0-301F-11D3-BF4B-00C04F79EFBC}") = "Assignment5A", "Assignment5A\Assignment5A.csproj", "{F875C9F5-20FC-4983-A40B-B74E330F18C7}"
EndProject
Global
	GlobalSection(SolutionConfigurationPlatforms) = preSolution
		Debug|Any CPU = Debug|Any CPU
		Release|Any CPU = Release|Any CPU
	EndGlobalSection
	GlobalSection(ProjectConfigurationPlatforms) = postSolution
		{F875C9F5-20FC-4983-A40B-B74E330F18C7}.Debug|Any CPU.ActiveCfg = Debug|Any CPU
		{F875C9F5-20FC-4983-A40B-B74E330F18C7}.Debug|Any CPU.Build.0 = Debug|Any CPU
		{F875C9F5-20FC-4983-A40B-B74E330F18C7}.Release|Any CPU.ActiveCfg = Release|Any CPU
		{F875C9F5-20FC-4983-A40B-B74E330F18C7}.Release|Any CPU.Build.0 = Release|Any CPU
	EndGlobalSection
	GlobalSection(SolutionProperties) = preSolution
		HideSolutionNode = FALSE
	EndGlobalSection
	GlobalSection(ExtensibilityGlobals) = postSolution
		SolutionGuid = {2EF6F54B-BAEF-470D-9065-E73D1FC4A3FB}
	EndGlobalSection
EndGlobal
